{
  "requires": true,
  "lockfileVersion": 1,
  "dependencies": {
    "greeting-time": {
      "version": "1.0.0",
      "resolved": "https://registry.npmjs.org/greeting-time/-/greeting-time-1.0.0.tgz",
      "integrity": "sha512-SjefO4MuSaL1xvFtxMZKnoROsh/t8s3UaWjNfsRA7IvD2o7picqySgYk7NAZmhEaCieQhXsrbjfP33aGRADxbg=="
    }
  }
}
